
Microsoft Visual Studio Solution File, Format Version 12.00
# Visual Studio 2012
Project("{FAE04EC0-301F-11D3-BF4B-00C04F79EFBC}") = "una.redsocial.LN", "una.redsocial.LN\una.redsocial.LN.csproj", "{740A6CBC-DC33-42F9-B26A-CE3CDD6DC7E8}"
EndProject
Global
	GlobalSection(SolutionConfigurationPlatforms) = preSolution
		Debug|Any CPU = Debug|Any CPU
		Release|Any CPU = Release|Any CPU
	EndGlobalSection
	GlobalSection(ProjectConfigurationPlatforms) = postSolution
		{740A6CBC-DC33-42F9-B26A-CE3CDD6DC7E8}.Debug|Any CPU.ActiveCfg = Debug|Any CPU
		{740A6CBC-DC33-42F9-B26A-CE3CDD6DC7E8}.Debug|Any CPU.Build.0 = Debug|Any CPU
		{740A6CBC-DC33-42F9-B26A-CE3CDD6DC7E8}.Release|Any CPU.ActiveCfg = Release|Any CPU
		{740A6CBC-DC33-42F9-B26A-CE3CDD6DC7E8}.Release|Any CPU.Build.0 = Release|Any CPU
	EndGlobalSection
	GlobalSection(SolutionProperties) = preSolution
		HideSolutionNode = FALSE
	EndGlobalSection
EndGlobal
