
Microsoft Visual Studio Solution File, Format Version 12.00
# Visual Studio 2012
Project("{FAE04EC0-301F-11D3-BF4B-00C04F79EFBC}") = "RedSocial.Datos", "RedSocial.BS\RedSocial.Datos.csproj", "{76145228-6295-4044-A816-228D8ADDC0DF}"
EndProject
Project("{FAE04EC0-301F-11D3-BF4B-00C04F79EFBC}") = "RedSocial.DS", "RedSocial.DS\RedSocial.DS.csproj", "{E7142DA2-D659-40E3-8827-D486A6335617}"
EndProject
Project("{FAE04EC0-301F-11D3-BF4B-00C04F79EFBC}") = "RedSocial.BS", "RedSocial.Datos\RedSocial.BS.csproj", "{B633526D-14C9-4A1E-A81D-56EA1C5EAD3A}"
EndProject
Project("{FAE04EC0-301F-11D3-BF4B-00C04F79EFBC}") = "RedSocial.UI", "RedSocial.UI\RedSocial.UI.csproj", "{F08E9A9C-EFC9-4268-8A72-4FEA227EE294}"
EndProject
Global
	GlobalSection(SolutionConfigurationPlatforms) = preSolution
		Debug|Any CPU = Debug|Any CPU
		Release|Any CPU = Release|Any CPU
	EndGlobalSection
	GlobalSection(ProjectConfigurationPlatforms) = postSolution
		{76145228-6295-4044-A816-228D8ADDC0DF}.Debug|Any CPU.ActiveCfg = Debug|Any CPU
		{76145228-6295-4044-A816-228D8ADDC0DF}.Debug|Any CPU.Build.0 = Debug|Any CPU
		{76145228-6295-4044-A816-228D8ADDC0DF}.Release|Any CPU.ActiveCfg = Release|Any CPU
		{76145228-6295-4044-A816-228D8ADDC0DF}.Release|Any CPU.Build.0 = Release|Any CPU
		{E7142DA2-D659-40E3-8827-D486A6335617}.Debug|Any CPU.ActiveCfg = Debug|Any CPU
		{E7142DA2-D659-40E3-8827-D486A6335617}.Debug|Any CPU.Build.0 = Debug|Any CPU
		{E7142DA2-D659-40E3-8827-D486A6335617}.Release|Any CPU.ActiveCfg = Release|Any CPU
		{E7142DA2-D659-40E3-8827-D486A6335617}.Release|Any CPU.Build.0 = Release|Any CPU
		{B633526D-14C9-4A1E-A81D-56EA1C5EAD3A}.Debug|Any CPU.ActiveCfg = Debug|Any CPU
		{B633526D-14C9-4A1E-A81D-56EA1C5EAD3A}.Debug|Any CPU.Build.0 = Debug|Any CPU
		{B633526D-14C9-4A1E-A81D-56EA1C5EAD3A}.Release|Any CPU.ActiveCfg = Release|Any CPU
		{B633526D-14C9-4A1E-A81D-56EA1C5EAD3A}.Release|Any CPU.Build.0 = Release|Any CPU
		{F08E9A9C-EFC9-4268-8A72-4FEA227EE294}.Debug|Any CPU.ActiveCfg = Debug|Any CPU
		{F08E9A9C-EFC9-4268-8A72-4FEA227EE294}.Debug|Any CPU.Build.0 = Debug|Any CPU
		{F08E9A9C-EFC9-4268-8A72-4FEA227EE294}.Release|Any CPU.ActiveCfg = Release|Any CPU
		{F08E9A9C-EFC9-4268-8A72-4FEA227EE294}.Release|Any CPU.Build.0 = Release|Any CPU
	EndGlobalSection
	GlobalSection(SolutionProperties) = preSolution
		HideSolutionNode = FALSE
	EndGlobalSection
EndGlobal
